
Microsoft Visual Studio Solution File, Format Version 12.00
# Visual Studio Version 17
VisualStudioVersion = 17.9.34902.65
MinimumVisualStudioVersion = 10.0.40219.1
Project("{FAE04EC0-301F-11D3-BF4B-00C04F79EFBC}") = "WindowsFormsApp1", "WindowsFormsApp1\WindowsFormsApp1.csproj", "{BAAA0BA8-F255-46BF-9FF0-C379BE8816DD}"
EndProject
Global
	GlobalSection(SolutionConfigurationPlatforms) = preSolution
		Debug|Any CPU = Debug|Any CPU
		Release|Any CPU = Release|Any CPU
	EndGlobalSection
	GlobalSection(ProjectConfigurationPlatforms) = postSolution
		{BAAA0BA8-F255-46BF-9FF0-C379BE8816DD}.Debug|Any CPU.ActiveCfg = Debug|Any CPU
		{BAAA0BA8-F255-46BF-9FF0-C379BE8816DD}.Debug|Any CPU.Build.0 = Debug|Any CPU
		{BAAA0BA8-F255-46BF-9FF0-C379BE8816DD}.Release|Any CPU.ActiveCfg = Debug|Any CPU
		{BAAA0BA8-F255-46BF-9FF0-C379BE8816DD}.Release|Any CPU.Build.0 = Debug|Any CPU
	EndGlobalSection
	GlobalSection(SolutionProperties) = preSolution
		HideSolutionNode = FALSE
	EndGlobalSection
	GlobalSection(ExtensibilityGlobals) = postSolution
		SolutionGuid = {9D6779F2-7394-4E88-94E7-6E70468E0671}
	EndGlobalSection
EndGlobal
